{
  "version": 4,
  "terraform_version": "1.4.3",
  "serial": 161,
  "lineage": "df9fe474-085f-7f66-dfd7-91edc6089668",
  "outputs": {},
  "resources": [
    {
      "mode": "managed",
      "type": "aws_default_vpc",
      "name": "defaultvpc",
      "provider": "provider[\"registry.terraform.io/hashicorp/aws\"]",
      "instances": [
        {
          "schema_version": 1,
          "attributes": {
            "arn": "arn:aws:ec2:us-east-1:939952950196:vpc/vpc-04bc42eabee5e603e",
            "assign_generated_ipv6_cidr_block": false,
            "cidr_block": "172.31.0.0/16",
            "default_network_acl_id": "acl-05283a7ed609604d9",
            "default_route_table_id": "rtb-01c149df83124e92c",
            "default_security_group_id": "sg-09bfce3337cee9726",
            "dhcp_options_id": "dopt-f497da8e",
            "enable_classiclink": false,
            "enable_classiclink_dns_support": false,
            "enable_dns_hostnames": true,
            "enable_dns_support": true,
            "enable_network_address_usage_metrics": false,
            "existing_default_vpc": true,
            "force_destroy": false,
            "id": "vpc-04bc42eabee5e603e",
            "instance_tenancy": "default",
            "ipv6_association_id": "",
            "ipv6_cidr_block": "",
            "ipv6_cidr_block_network_border_group": "",
            "ipv6_ipam_pool_id": "",
            "ipv6_netmask_length": 0,
            "main_route_table_id": "rtb-01c149df83124e92c",
            "owner_id": "939952950196",
            "tags": {
              "Name": "Default VPC"
            },
            "tags_all": {
              "Name": "Default VPC"
            }
          },
          "sensitive_attributes": [],
          "private": "eyJzY2hlbWFfdmVyc2lvbiI6IjEifQ=="
        }
      ]
    },
    {
      "mode": "managed",
      "type": "aws_instance",
      "name": "Kube_master",
      "provider": "provider[\"registry.terraform.io/hashicorp/aws\"]",
      "instances": []
    },
    {
      "mode": "managed",
      "type": "aws_instance",
      "name": "Worker",
      "provider": "provider[\"registry.terraform.io/hashicorp/aws\"]",
      "instances": []
    },
    {
      "mode": "managed",
      "type": "aws_key_pair",
      "name": "demo",
      "provider": "provider[\"registry.terraform.io/hashicorp/aws\"]",
      "instances": [
        {
          "schema_version": 1,
          "attributes": {
            "arn": "arn:aws:ec2:us-east-1:939952950196:key-pair/demo",
            "fingerprint": "87:55:dd:67:e3:f4:af:d3:67:ce:04:62:ff:5e:5e:2f",
            "id": "demo",
            "key_name": "demo",
            "key_name_prefix": "",
            "key_pair_id": "key-055520392c39f68c6",
            "key_type": "rsa",
            "public_key": "ssh-rsa AAAAB3NzaC1yc2EAAAADAQABAAABgQCpwn5X7F5TEP/jnIyhkpUlopnsg7dxidQv1mfQU4tL9ZVQtzRnge2eB1BoBPj1igKcmeYdZX3zz+gkBAsakWDYCzdT4QDEaFYzqSS8v8er39bxu3QIfuDi441YrzJQyAzrs4d12aEEA9Lsx0HZiNe+DFNfm441yP02k9n11Evlqt2RO76r1kESvCA/A1s4QcxY3sQ0zOCZUBWFPWnbvEIQ4QBmBpVqO/+p3ZhI9xiARVW02X13M07ScLye3Coj47emDWFo3rZPGa9n9NTRNSBwl4ZGvKP19BtrPl+HdqgCqWWv2c8RnQtnU3Nnl45YKHuJZu/Elus5CSTMuCqo/2V6cQUvdn8L9iMRmiMiypesjhtpF1fnGdII4ZYwI05seu9iVEpYU7t7gxtyxzLPkQlN6PHVswx3rqJcq4itaSpbGPAeBnriMLqePowtII6SStm7etAZST68vbMMpylbeC2xuhNfkf/HU2GkYiEZ+Bx1E1bs05gk1vAdIRbkhEeNclE= root@ip-172-31-90-126",
            "tags": {},
            "tags_all": {}
          },
          "sensitive_attributes": [],
          "private": "eyJzY2hlbWFfdmVyc2lvbiI6IjEifQ=="
        }
      ]
    },
    {
      "mode": "managed",
      "type": "aws_security_group",
      "name": "demoaccess",
      "provider": "provider[\"registry.terraform.io/hashicorp/aws\"]",
      "instances": [
        {
          "schema_version": 1,
          "attributes": {
            "arn": "arn:aws:ec2:us-east-1:939952950196:security-group/sg-08994cd659d6c232c",
            "description": "Managed by Terraform",
            "egress": [
              {
                "cidr_blocks": [
                  "0.0.0.0/0"
                ],
                "description": "",
                "from_port": 0,
                "ipv6_cidr_blocks": [],
                "prefix_list_ids": [],
                "protocol": "-1",
                "security_groups": [],
                "self": false,
                "to_port": 0
              }
            ],
            "id": "sg-08994cd659d6c232c",
            "ingress": [
              {
                "cidr_blocks": [
                  "0.0.0.0/0"
                ],
                "description": "",
                "from_port": 22,
                "ipv6_cidr_blocks": [],
                "prefix_list_ids": [],
                "protocol": "tcp",
                "security_groups": [],
                "self": false,
                "to_port": 22
              },
              {
                "cidr_blocks": [
                  "0.0.0.0/0"
                ],
                "description": "",
                "from_port": 80,
                "ipv6_cidr_blocks": [],
                "prefix_list_ids": [],
                "protocol": "tcp",
                "security_groups": [],
                "self": false,
                "to_port": 80
              }
            ],
            "name": "demoaccess",
            "name_prefix": "",
            "owner_id": "939952950196",
            "revoke_rules_on_delete": false,
            "tags": {},
            "tags_all": {},
            "timeouts": null,
            "vpc_id": "vpc-04bc42eabee5e603e"
          },
          "sensitive_attributes": [],
          "private": "eyJlMmJmYjczMC1lY2FhLTExZTYtOGY4OC0zNDM2M2JjN2M0YzAiOnsiY3JlYXRlIjo2MDAwMDAwMDAwMDAsImRlbGV0ZSI6OTAwMDAwMDAwMDAwfSwic2NoZW1hX3ZlcnNpb24iOiIxIn0=",
          "dependencies": [
            "aws_default_vpc.defaultvpc"
          ]
        }
      ]
    }
  ],
  "check_results": null
}
